
Microsoft Visual Studio Solution File, Format Version 12.00
# Visual Studio Version 17
VisualStudioVersion = 17.7.34003.232
MinimumVisualStudioVersion = 10.0.40219.1
Project("{FAE04EC0-301F-11D3-BF4B-00C04F79EFBC}") = "Frendy-Backend.API", "Frendy-Backend.API\Frendy-Backend.API.csproj", "{A6BC459D-1EB8-4A60-B651-7C1AF779571F}"
EndProject
Project("{FAE04EC0-301F-11D3-BF4B-00C04F79EFBC}") = "Frendy-Backend.Domain", "Frendy-Backend.Domain\Frendy-Backend.Domain.csproj", "{AAD37E65-7302-42C6-A560-A4A50036F39B}"
EndProject
Project("{FAE04EC0-301F-11D3-BF4B-00C04F79EFBC}") = "Frendy-Backend.Tests", "Frendy-Backend.Tests\Frendy-Backend.Tests.csproj", "{3CF33D5E-17DF-4FA6-B352-91D85CF9E422}"
EndProject
Project("{FAE04EC0-301F-11D3-BF4B-00C04F79EFBC}") = "Frendy-Backend.Application", "Frendy-Backend.Application\Frendy-Backend.Application.csproj", "{F619373C-6C0D-493C-A2BB-24A475FAA80A}"
EndProject
Project("{FAE04EC0-301F-11D3-BF4B-00C04F79EFBC}") = "Frendy-Backend.Infrastructure", "Frendy-Backend.Infrastructure\Frendy-Backend.Infrastructure.csproj", "{3A3CAFC1-328A-48BD-AA8F-FD9A72264DB6}"
EndProject
Global
	GlobalSection(SolutionConfigurationPlatforms) = preSolution
		Debug|Any CPU = Debug|Any CPU
		Release|Any CPU = Release|Any CPU
	EndGlobalSection
	GlobalSection(ProjectConfigurationPlatforms) = postSolution
		{A6BC459D-1EB8-4A60-B651-7C1AF779571F}.Debug|Any CPU.ActiveCfg = Debug|Any CPU
		{A6BC459D-1EB8-4A60-B651-7C1AF779571F}.Debug|Any CPU.Build.0 = Debug|Any CPU
		{A6BC459D-1EB8-4A60-B651-7C1AF779571F}.Release|Any CPU.ActiveCfg = Release|Any CPU
		{A6BC459D-1EB8-4A60-B651-7C1AF779571F}.Release|Any CPU.Build.0 = Release|Any CPU
		{AAD37E65-7302-42C6-A560-A4A50036F39B}.Debug|Any CPU.ActiveCfg = Debug|Any CPU
		{AAD37E65-7302-42C6-A560-A4A50036F39B}.Debug|Any CPU.Build.0 = Debug|Any CPU
		{AAD37E65-7302-42C6-A560-A4A50036F39B}.Release|Any CPU.ActiveCfg = Release|Any CPU
		{AAD37E65-7302-42C6-A560-A4A50036F39B}.Release|Any CPU.Build.0 = Release|Any CPU
		{3CF33D5E-17DF-4FA6-B352-91D85CF9E422}.Debug|Any CPU.ActiveCfg = Debug|Any CPU
		{3CF33D5E-17DF-4FA6-B352-91D85CF9E422}.Debug|Any CPU.Build.0 = Debug|Any CPU
		{3CF33D5E-17DF-4FA6-B352-91D85CF9E422}.Release|Any CPU.ActiveCfg = Release|Any CPU
		{3CF33D5E-17DF-4FA6-B352-91D85CF9E422}.Release|Any CPU.Build.0 = Release|Any CPU
		{F619373C-6C0D-493C-A2BB-24A475FAA80A}.Debug|Any CPU.ActiveCfg = Debug|Any CPU
		{F619373C-6C0D-493C-A2BB-24A475FAA80A}.Debug|Any CPU.Build.0 = Debug|Any CPU
		{F619373C-6C0D-493C-A2BB-24A475FAA80A}.Release|Any CPU.ActiveCfg = Release|Any CPU
		{F619373C-6C0D-493C-A2BB-24A475FAA80A}.Release|Any CPU.Build.0 = Release|Any CPU
		{3A3CAFC1-328A-48BD-AA8F-FD9A72264DB6}.Debug|Any CPU.ActiveCfg = Debug|Any CPU
		{3A3CAFC1-328A-48BD-AA8F-FD9A72264DB6}.Debug|Any CPU.Build.0 = Debug|Any CPU
		{3A3CAFC1-328A-48BD-AA8F-FD9A72264DB6}.Release|Any CPU.ActiveCfg = Release|Any CPU
		{3A3CAFC1-328A-48BD-AA8F-FD9A72264DB6}.Release|Any CPU.Build.0 = Release|Any CPU
	EndGlobalSection
	GlobalSection(SolutionProperties) = preSolution
		HideSolutionNode = FALSE
	EndGlobalSection
	GlobalSection(ExtensibilityGlobals) = postSolution
		SolutionGuid = {3128F1C2-2F62-4CC5-A61B-D1459A77FCA9}
	EndGlobalSection
EndGlobal
